// !$*UTF8*$!
{
	archiveVersion = 1;
	classes = {
	};
	objectVersion = 50;
	objects = {

/* Begin PBXBuildFile section */
		3A536BBC234E662400D8DC39 /* AppDelegate.swift in Sources */ = {isa = PBXBuildFile; fileRef = 3A536BBB234E662400D8DC39 /* AppDelegate.swift */; };
		3A536BBE234E662400D8DC39 /* SceneDelegate.swift in Sources */ = {isa = PBXBuildFile; fileRef = 3A536BBD234E662400D8DC39 /* SceneDelegate.swift */; };
		3A536BC0234E662400D8DC39 /* ViewController.swift in Sources */ = {isa = PBXBuildFile; fileRef = 3A536BBF234E662400D8DC39 /* ViewController.swift */; };
		3A536BC3234E662400D8DC39 /* Main.storyboard in Resources */ = {isa = PBXBuildFile; fileRef = 3A536BC1234E662400D8DC39 /* Main.storyboard */; };
		3A536BC5234E662700D8DC39 /* Assets.xcassets in Resources */ = {isa = PBXBuildFile; fileRef = 3A536BC4234E662700D8DC39 /* Assets.xcassets */; };
		3A536BC8234E662700D8DC39 /* LaunchScreen.storyboard in Resources */ = {isa = PBXBuildFile; fileRef = 3A536BC6234E662700D8DC39 /* LaunchScreen.storyboard */; };
		3A536BD3234E662700D8DC39 /* weatherAppTests.swift in Sources */ = {isa = PBXBuildFile; fileRef = 3A536BD2234E662700D8DC39 /* weatherAppTests.swift */; };
		3A536BDE234E662700D8DC39 /* weatherAppUITests.swift in Sources */ = {isa = PBXBuildFile; fileRef = 3A536BDD234E662700D8DC39 /* weatherAppUITests.swift */; };
		3A536BFD234FC46D00D8DC39 /* ZipCodeHelper.swift in Sources */ = {isa = PBXBuildFile; fileRef = 3A536BFC234FC46D00D8DC39 /* ZipCodeHelper.swift */; };
		3A536C01234FC4D200D8DC39 /* NetworkManager.swift in Sources */ = {isa = PBXBuildFile; fileRef = 3A536C00234FC4D200D8DC39 /* NetworkManager.swift */; };
		3A536C03234FC4FC00D8DC39 /* AppError.swift in Sources */ = {isa = PBXBuildFile; fileRef = 3A536C02234FC4FC00D8DC39 /* AppError.swift */; };
		3A536C05234FC51400D8DC39 /* ImageHelper.swift in Sources */ = {isa = PBXBuildFile; fileRef = 3A536C04234FC51400D8DC39 /* ImageHelper.swift */; };
		3A536C07234FC69800D8DC39 /* ForecastCell.swift in Sources */ = {isa = PBXBuildFile; fileRef = 3A536C06234FC69800D8DC39 /* ForecastCell.swift */; };
		3A536C09234FCDDD00D8DC39 /* Weather.swift in Sources */ = {isa = PBXBuildFile; fileRef = 3A536C08234FCDDC00D8DC39 /* Weather.swift */; };
		3A536C0B234FCE4900D8DC39 /* Secrets.swift in Sources */ = {isa = PBXBuildFile; fileRef = 3A536C0A234FCE4900D8DC39 /* Secrets.swift */; };
		3A536C0E234FD14300D8DC39 /* WeatherAPIClient.swift in Sources */ = {isa = PBXBuildFile; fileRef = 3A536C0D234FD14300D8DC39 /* WeatherAPIClient.swift */; };
		3A536C10234FD5E600D8DC39 /* weatherTest.json in Resources */ = {isa = PBXBuildFile; fileRef = 3A536C0F234FD5E600D8DC39 /* weatherTest.json */; };
/* End PBXBuildFile section */

/* Begin PBXContainerItemProxy section */
		3A536BCF234E662700D8DC39 /* PBXContainerItemProxy */ = {
			isa = PBXContainerItemProxy;
			containerPortal = 3A536BB0234E662400D8DC39 /* Project object */;
			proxyType = 1;
			remoteGlobalIDString = 3A536BB7234E662400D8DC39;
			remoteInfo = weatherApp;
		};
		3A536BDA234E662700D8DC39 /* PBXContainerItemProxy */ = {
			isa = PBXContainerItemProxy;
			containerPortal = 3A536BB0234E662400D8DC39 /* Project object */;
			proxyType = 1;
			remoteGlobalIDString = 3A536BB7234E662400D8DC39;
			remoteInfo = weatherApp;
		};
/* End PBXContainerItemProxy section */

/* Begin PBXFileReference section */
		3A536BB8234E662400D8DC39 /* weatherApp.app */ = {isa = PBXFileReference; explicitFileType = wrapper.application; includeInIndex = 0; path = weatherApp.app; sourceTree = BUILT_PRODUCTS_DIR; };
		3A536BBB234E662400D8DC39 /* AppDelegate.swift */ = {isa = PBXFileReference; lastKnownFileType = sourcecode.swift; path = AppDelegate.swift; sourceTree = "<group>"; };
		3A536BBD234E662400D8DC39 /* SceneDelegate.swift */ = {isa = PBXFileReference; lastKnownFileType = sourcecode.swift; path = SceneDelegate.swift; sourceTree = "<group>"; };
		3A536BBF234E662400D8DC39 /* ViewController.swift */ = {isa = PBXFileReference; lastKnownFileType = sourcecode.swift; path = ViewController.swift; sourceTree = "<group>"; };
		3A536BC2234E662400D8DC39 /* Base */ = {isa = PBXFileReference; lastKnownFileType = file.storyboard; name = Base; path = Base.lproj/Main.storyboard; sourceTree = "<group>"; };
		3A536BC4234E662700D8DC39 /* Assets.xcassets */ = {isa = PBXFileReference; lastKnownFileType = folder.assetcatalog; path = Assets.xcassets; sourceTree = "<group>"; };
		3A536BC7234E662700D8DC39 /* Base */ = {isa = PBXFileReference; lastKnownFileType = file.storyboard; name = Base; path = Base.lproj/LaunchScreen.storyboard; sourceTree = "<group>"; };
		3A536BC9234E662700D8DC39 /* Info.plist */ = {isa = PBXFileReference; lastKnownFileType = text.plist.xml; path = Info.plist; sourceTree = "<group>"; };
		3A536BCE234E662700D8DC39 /* weatherAppTests.xctest */ = {isa = PBXFileReference; explicitFileType = wrapper.cfbundle; includeInIndex = 0; path = weatherAppTests.xctest; sourceTree = BUILT_PRODUCTS_DIR; };
		3A536BD2234E662700D8DC39 /* weatherAppTests.swift */ = {isa = PBXFileReference; lastKnownFileType = sourcecode.swift; path = weatherAppTests.swift; sourceTree = "<group>"; };
		3A536BD4234E662700D8DC39 /* Info.plist */ = {isa = PBXFileReference; lastKnownFileType = text.plist.xml; path = Info.plist; sourceTree = "<group>"; };
		3A536BD9234E662700D8DC39 /* weatherAppUITests.xctest */ = {isa = PBXFileReference; explicitFileType = wrapper.cfbundle; includeInIndex = 0; path = weatherAppUITests.xctest; sourceTree = BUILT_PRODUCTS_DIR; };
		3A536BDD234E662700D8DC39 /* weatherAppUITests.swift */ = {isa = PBXFileReference; lastKnownFileType = sourcecode.swift; path = weatherAppUITests.swift; sourceTree = "<group>"; };
		3A536BDF234E662700D8DC39 /* Info.plist */ = {isa = PBXFileReference; lastKnownFileType = text.plist.xml; path = Info.plist; sourceTree = "<group>"; };
		3A536BFC234FC46D00D8DC39 /* ZipCodeHelper.swift */ = {isa = PBXFileReference; lastKnownFileType = sourcecode.swift; path = ZipCodeHelper.swift; sourceTree = "<group>"; };
		3A536C00234FC4D200D8DC39 /* NetworkManager.swift */ = {isa = PBXFileReference; lastKnownFileType = sourcecode.swift; path = NetworkManager.swift; sourceTree = "<group>"; };
		3A536C02234FC4FC00D8DC39 /* AppError.swift */ = {isa = PBXFileReference; lastKnownFileType = sourcecode.swift; path = AppError.swift; sourceTree = "<group>"; };
		3A536C04234FC51400D8DC39 /* ImageHelper.swift */ = {isa = PBXFileReference; lastKnownFileType = sourcecode.swift; path = ImageHelper.swift; sourceTree = "<group>"; };
		3A536C06234FC69800D8DC39 /* ForecastCell.swift */ = {isa = PBXFileReference; lastKnownFileType = sourcecode.swift; path = ForecastCell.swift; sourceTree = "<group>"; };
		3A536C08234FCDDC00D8DC39 /* Weather.swift */ = {isa = PBXFileReference; lastKnownFileType = sourcecode.swift; path = Weather.swift; sourceTree = "<group>"; };
		3A536C0A234FCE4900D8DC39 /* Secrets.swift */ = {isa = PBXFileReference; lastKnownFileType = sourcecode.swift; path = Secrets.swift; sourceTree = "<group>"; };
		3A536C0D234FD14300D8DC39 /* WeatherAPIClient.swift */ = {isa = PBXFileReference; lastKnownFileType = sourcecode.swift; path = WeatherAPIClient.swift; sourceTree = "<group>"; };
		3A536C0F234FD5E600D8DC39 /* weatherTest.json */ = {isa = PBXFileReference; fileEncoding = 4; lastKnownFileType = text.json; path = weatherTest.json; sourceTree = SOURCE_ROOT; };
/* End PBXFileReference section */

/* Begin PBXFrameworksBuildPhase section */
		3A536BB5234E662400D8DC39 /* Frameworks */ = {
			isa = PBXFrameworksBuildPhase;
			buildActionMask = 2147483647;
			files = (
			);
			runOnlyForDeploymentPostprocessing = 0;
		};
		3A536BCB234E662700D8DC39 /* Frameworks */ = {
			isa = PBXFrameworksBuildPhase;
			buildActionMask = 2147483647;
			files = (
			);
			runOnlyForDeploymentPostprocessing = 0;
		};
		3A536BD6234E662700D8DC39 /* Frameworks */ = {
			isa = PBXFrameworksBuildPhase;
			buildActionMask = 2147483647;
			files = (
			);
			runOnlyForDeploymentPostprocessing = 0;
		};
/* End PBXFrameworksBuildPhase section */

/* Begin PBXGroup section */
		3A536BAF234E662400D8DC39 = {
			isa = PBXGroup;
			children = (
				3A536BBA234E662400D8DC39 /* weatherApp */,
				3A536BD1234E662700D8DC39 /* weatherAppTests */,
				3A536BDC234E662700D8DC39 /* weatherAppUITests */,
				3A536BB9234E662400D8DC39 /* Products */,
			);
			sourceTree = "<group>";
		};
		3A536BB9234E662400D8DC39 /* Products */ = {
			isa = PBXGroup;
			children = (
				3A536BB8234E662400D8DC39 /* weatherApp.app */,
				3A536BCE234E662700D8DC39 /* weatherAppTests.xctest */,
				3A536BD9234E662700D8DC39 /* weatherAppUITests.xctest */,
			);
			name = Products;
			sourceTree = "<group>";
		};
		3A536BBA234E662400D8DC39 /* weatherApp */ = {
			isa = PBXGroup;
			children = (
				3A536BBB234E662400D8DC39 /* AppDelegate.swift */,
				3A536BBD234E662400D8DC39 /* SceneDelegate.swift */,
				3A536BFF234FC4B900D8DC39 /* Network */,
				3A536BFE234FC4AA00D8DC39 /* Models */,
				3A536C0C234FD0F700D8DC39 /* Controllers */,
				3A536BC1234E662400D8DC39 /* Main.storyboard */,
				3A536BC4234E662700D8DC39 /* Assets.xcassets */,
				3A536BC6234E662700D8DC39 /* LaunchScreen.storyboard */,
				3A536BC9234E662700D8DC39 /* Info.plist */,
			);
			path = weatherApp;
			sourceTree = "<group>";
		};
		3A536BD1234E662700D8DC39 /* weatherAppTests */ = {
			isa = PBXGroup;
			children = (
				3A536C0F234FD5E600D8DC39 /* weatherTest.json */,
				3A536BD2234E662700D8DC39 /* weatherAppTests.swift */,
				3A536BD4234E662700D8DC39 /* Info.plist */,
			);
			path = weatherAppTests;
			sourceTree = "<group>";
		};
		3A536BDC234E662700D8DC39 /* weatherAppUITests */ = {
			isa = PBXGroup;
			children = (
				3A536BDD234E662700D8DC39 /* weatherAppUITests.swift */,
				3A536BDF234E662700D8DC39 /* Info.plist */,
			);
			path = weatherAppUITests;
			sourceTree = "<group>";
		};
		3A536BFE234FC4AA00D8DC39 /* Models */ = {
			isa = PBXGroup;
			children = (
				3A536C0A234FCE4900D8DC39 /* Secrets.swift */,
				3A536C08234FCDDC00D8DC39 /* Weather.swift */,
				3A536C0D234FD14300D8DC39 /* WeatherAPIClient.swift */,
				3A536BFC234FC46D00D8DC39 /* ZipCodeHelper.swift */,
			);
			path = Models;
			sourceTree = "<group>";
		};
		3A536BFF234FC4B900D8DC39 /* Network */ = {
			isa = PBXGroup;
			children = (
				3A536C00234FC4D200D8DC39 /* NetworkManager.swift */,
				3A536C02234FC4FC00D8DC39 /* AppError.swift */,
				3A536C04234FC51400D8DC39 /* ImageHelper.swift */,
			);
			path = Network;
			sourceTree = "<group>";
		};
		3A536C0C234FD0F700D8DC39 /* Controllers */ = {
			isa = PBXGroup;
			children = (
				3A536BBF234E662400D8DC39 /* ViewController.swift */,
				3A536C06234FC69800D8DC39 /* ForecastCell.swift */,
			);
			path = Controllers;
			sourceTree = "<group>";
		};
/* End PBXGroup section */

/* Begin PBXNativeTarget section */
		3A536BB7234E662400D8DC39 /* weatherApp */ = {
			isa = PBXNativeTarget;
			buildConfigurationList = 3A536BE2234E662700D8DC39 /* Build configuration list for PBXNativeTarget "weatherApp" */;
			buildPhases = (
				3A536BB4234E662400D8DC39 /* Sources */,
				3A536BB5234E662400D8DC39 /* Frameworks */,
				3A536BB6234E662400D8DC39 /* Resources */,
			);
			buildRules = (
			);
			dependencies = (
			);
			name = weatherApp;
			productName = weatherApp;
			productReference = 3A536BB8234E662400D8DC39 /* weatherApp.app */;
			productType = "com.apple.product-type.application";
		};
		3A536BCD234E662700D8DC39 /* weatherAppTests */ = {
			isa = PBXNativeTarget;
			buildConfigurationList = 3A536BE5234E662700D8DC39 /* Build configuration list for PBXNativeTarget "weatherAppTests" */;
			buildPhases = (
				3A536BCA234E662700D8DC39 /* Sources */,
				3A536BCB234E662700D8DC39 /* Frameworks */,
				3A536BCC234E662700D8DC39 /* Resources */,
			);
			buildRules = (
			);
			dependencies = (
				3A536BD0234E662700D8DC39 /* PBXTargetDependency */,
			);
			name = weatherAppTests;
			productName = weatherAppTests;
			productReference = 3A536BCE234E662700D8DC39 /* weatherAppTests.xctest */;
			productType = "com.apple.product-type.bundle.unit-test";
		};
		3A536BD8234E662700D8DC39 /* weatherAppUITests */ = {
			isa = PBXNativeTarget;
			buildConfigurationList = 3A536BE8234E662700D8DC39 /* Build configuration list for PBXNativeTarget "weatherAppUITests" */;
			buildPhases = (
				3A536BD5234E662700D8DC39 /* Sources */,
				3A536BD6234E662700D8DC39 /* Frameworks */,
				3A536BD7234E662700D8DC39 /* Resources */,
			);
			buildRules = (
			);
			dependencies = (
				3A536BDB234E662700D8DC39 /* PBXTargetDependency */,
			);
			name = weatherAppUITests;
			productName = weatherAppUITests;
			productReference = 3A536BD9234E662700D8DC39 /* weatherAppUITests.xctest */;
			productType = "com.apple.product-type.bundle.ui-testing";
		};
/* End PBXNativeTarget section */

/* Begin PBXProject section */
		3A536BB0234E662400D8DC39 /* Project object */ = {
			isa = PBXProject;
			attributes = {
				LastSwiftUpdateCheck = 1100;
				LastUpgradeCheck = 1100;
				ORGANIZATIONNAME = "Sam Roman";
				TargetAttributes = {
					3A536BB7234E662400D8DC39 = {
						CreatedOnToolsVersion = 11.0;
					};
					3A536BCD234E662700D8DC39 = {
						CreatedOnToolsVersion = 11.0;
						TestTargetID = 3A536BB7234E662400D8DC39;
					};
					3A536BD8234E662700D8DC39 = {
						CreatedOnToolsVersion = 11.0;
						TestTargetID = 3A536BB7234E662400D8DC39;
					};
				};
			};
			buildConfigurationList = 3A536BB3234E662400D8DC39 /* Build configuration list for PBXProject "weatherApp" */;
			compatibilityVersion = "Xcode 9.3";
			developmentRegion = en;
			hasScannedForEncodings = 0;
			knownRegions = (
				en,
				Base,
			);
			mainGroup = 3A536BAF234E662400D8DC39;
			productRefGroup = 3A536BB9234E662400D8DC39 /* Products */;
			projectDirPath = "";
			projectRoot = "";
			targets = (
				3A536BB7234E662400D8DC39 /* weatherApp */,
				3A536BCD234E662700D8DC39 /* weatherAppTests */,
				3A536BD8234E662700D8DC39 /* weatherAppUITests */,
			);
		};
/* End PBXProject section */

/* Begin PBXResourcesBuildPhase section */
		3A536BB6234E662400D8DC39 /* Resources */ = {
			isa = PBXResourcesBuildPhase;
			buildActionMask = 2147483647;
			files = (
				3A536BC8234E662700D8DC39 /* LaunchScreen.storyboard in Resources */,
				3A536BC5234E662700D8DC39 /* Assets.xcassets in Resources */,
				3A536BC3234E662400D8DC39 /* Main.storyboard in Resources */,
			);
			runOnlyForDeploymentPostprocessing = 0;
		};
		3A536BCC234E662700D8DC39 /* Resources */ = {
			isa = PBXResourcesBuildPhase;
			buildActionMask = 2147483647;
			files = (
				3A536C10234FD5E600D8DC39 /* weatherTest.json in Resources */,
			);
			runOnlyForDeploymentPostprocessing = 0;
		};
		3A536BD7234E662700D8DC39 /* Resources */ = {
			isa = PBXResourcesBuildPhase;
			buildActionMask = 2147483647;
			files = (
			);
			runOnlyForDeploymentPostprocessing = 0;
		};
/* End PBXResourcesBuildPhase section */

/* Begin PBXSourcesBuildPhase section */
		3A536BB4234E662400D8DC39 /* Sources */ = {
			isa = PBXSourcesBuildPhase;
			buildActionMask = 2147483647;
			files = (
				3A536BFD234FC46D00D8DC39 /* ZipCodeHelper.swift in Sources */,
				3A536C0B234FCE4900D8DC39 /* Secrets.swift in Sources */,
				3A536BC0234E662400D8DC39 /* ViewController.swift in Sources */,
				3A536C03234FC4FC00D8DC39 /* AppError.swift in Sources */,
				3A536C01234FC4D200D8DC39 /* NetworkManager.swift in Sources */,
				3A536C09234FCDDD00D8DC39 /* Weather.swift in Sources */,
				3A536C07234FC69800D8DC39 /* ForecastCell.swift in Sources */,
				3A536BBC234E662400D8DC39 /* AppDelegate.swift in Sources */,
				3A536C0E234FD14300D8DC39 /* WeatherAPIClient.swift in Sources */,
				3A536BBE234E662400D8DC39 /* SceneDelegate.swift in Sources */,
				3A536C05234FC51400D8DC39 /* ImageHelper.swift in Sources */,
			);
			runOnlyForDeploymentPostprocessing = 0;
		};
		3A536BCA234E662700D8DC39 /* Sources */ = {
			isa = PBXSourcesBuildPhase;
			buildActionMask = 2147483647;
			files = (
				3A536BD3234E662700D8DC39 /* weatherAppTests.swift in Sources */,
			);
			runOnlyForDeploymentPostprocessing = 0;
		};
		3A536BD5234E662700D8DC39 /* Sources */ = {
			isa = PBXSourcesBuildPhase;
			buildActionMask = 2147483647;
			files = (
				3A536BDE234E662700D8DC39 /* weatherAppUITests.swift in Sources */,
			);
			runOnlyForDeploymentPostprocessing = 0;
		};
/* End PBXSourcesBuildPhase section */

/* Begin PBXTargetDependency section */
		3A536BD0234E662700D8DC39 /* PBXTargetDependency */ = {
			isa = PBXTargetDependency;
			target = 3A536BB7234E662400D8DC39 /* weatherApp */;
			targetProxy = 3A536BCF234E662700D8DC39 /* PBXContainerItemProxy */;
		};
		3A536BDB234E662700D8DC39 /* PBXTargetDependency */ = {
			isa = PBXTargetDependency;
			target = 3A536BB7234E662400D8DC39 /* weatherApp */;
			targetProxy = 3A536BDA234E662700D8DC39 /* PBXContainerItemProxy */;
		};
/* End PBXTargetDependency section */

/* Begin PBXVariantGroup section */
		3A536BC1234E662400D8DC39 /* Main.storyboard */ = {
			isa = PBXVariantGroup;
			children = (
				3A536BC2234E662400D8DC39 /* Base */,
			);
			name = Main.storyboard;
			sourceTree = "<group>";
		};
		3A536BC6234E662700D8DC39 /* LaunchScreen.storyboard */ = {
			isa = PBXVariantGroup;
			children = (
				3A536BC7234E662700D8DC39 /* Base */,
			);
			name = LaunchScreen.storyboard;
			sourceTree = "<group>";
		};
/* End PBXVariantGroup section */

/* Begin XCBuildConfiguration section */
		3A536BE0234E662700D8DC39 /* Debug */ = {
			isa = XCBuildConfiguration;
			buildSettings = {
				ALWAYS_SEARCH_USER_PATHS = NO;
				CLANG_ANALYZER_NONNULL = YES;
				CLANG_ANALYZER_NUMBER_OBJECT_CONVERSION = YES_AGGRESSIVE;
				CLANG_CXX_LANGUAGE_STANDARD = "gnu++14";
				CLANG_CXX_LIBRARY = "libc++";
				CLANG_ENABLE_MODULES = YES;
				CLANG_ENABLE_OBJC_ARC = YES;
				CLANG_ENABLE_OBJC_WEAK = YES;
				CLANG_WARN_BLOCK_CAPTURE_AUTORELEASING = YES;
				CLANG_WARN_BOOL_CONVERSION = YES;
				CLANG_WARN_COMMA = YES;
				CLANG_WARN_CONSTANT_CONVERSION = YES;
				CLANG_WARN_DEPRECATED_OBJC_IMPLEMENTATIONS = YES;
				CLANG_WARN_DIRECT_OBJC_ISA_USAGE = YES_ERROR;
				CLANG_WARN_DOCUMENTATION_COMMENTS = YES;
				CLANG_WARN_EMPTY_BODY = YES;
				CLANG_WARN_ENUM_CONVERSION = YES;
				CLANG_WARN_INFINITE_RECURSION = YES;
				CLANG_WARN_INT_CONVERSION = YES;
				CLANG_WARN_NON_LITERAL_NULL_CONVERSION = YES;
				CLANG_WARN_OBJC_IMPLICIT_RETAIN_SELF = YES;
				CLANG_WARN_OBJC_LITERAL_CONVERSION = YES;
				CLANG_WARN_OBJC_ROOT_CLASS = YES_ERROR;
				CLANG_WARN_RANGE_LOOP_ANALYSIS = YES;
				CLANG_WARN_STRICT_PROTOTYPES = YES;
				CLANG_WARN_SUSPICIOUS_MOVE = YES;
				CLANG_WARN_UNGUARDED_AVAILABILITY = YES_AGGRESSIVE;
				CLANG_WARN_UNREACHABLE_CODE = YES;
				CLANG_WARN__DUPLICATE_METHOD_MATCH = YES;
				COPY_PHASE_STRIP = NO;
				DEBUG_INFORMATION_FORMAT = dwarf;
				ENABLE_STRICT_OBJC_MSGSEND = YES;
				ENABLE_TESTABILITY = YES;
				GCC_C_LANGUAGE_STANDARD = gnu11;
				GCC_DYNAMIC_NO_PIC = NO;
				GCC_NO_COMMON_BLOCKS = YES;
				GCC_OPTIMIZATION_LEVEL = 0;
				GCC_PREPROCESSOR_DEFINITIONS = (
					"DEBUG=1",
					"$(inherited)",
				);
				GCC_WARN_64_TO_32_BIT_CONVERSION = YES;
				GCC_WARN_ABOUT_RETURN_TYPE = YES_ERROR;
				GCC_WARN_UNDECLARED_SELECTOR = YES;
				GCC_WARN_UNINITIALIZED_AUTOS = YES_AGGRESSIVE;
				GCC_WARN_UNUSED_FUNCTION = YES;
				GCC_WARN_UNUSED_VARIABLE = YES;
				IPHONEOS_DEPLOYMENT_TARGET = 13.0;
				MTL_ENABLE_DEBUG_INFO = INCLUDE_SOURCE;
				MTL_FAST_MATH = YES;
				ONLY_ACTIVE_ARCH = YES;
				SDKROOT = iphoneos;
				SWIFT_ACTIVE_COMPILATION_CONDITIONS = DEBUG;
				SWIFT_OPTIMIZATION_LEVEL = "-Onone";
			};
			name = Debug;
		};
		3A536BE1234E662700D8DC39 /* Release */ = {
			isa = XCBuildConfiguration;
			buildSettings = {
				ALWAYS_SEARCH_USER_PATHS = NO;
				CLANG_ANALYZER_NONNULL = YES;
				CLANG_ANALYZER_NUMBER_OBJECT_CONVERSION = YES_AGGRESSIVE;
				CLANG_CXX_LANGUAGE_STANDARD = "gnu++14";
				CLANG_CXX_LIBRARY = "libc++";
				CLANG_ENABLE_MODULES = YES;
				CLANG_ENABLE_OBJC_ARC = YES;
				CLANG_ENABLE_OBJC_WEAK = YES;
				CLANG_WARN_BLOCK_CAPTURE_AUTORELEASING = YES;
				CLANG_WARN_BOOL_CONVERSION = YES;
				CLANG_WARN_COMMA = YES;
				CLANG_WARN_CONSTANT_CONVERSION = YES;
				CLANG_WARN_DEPRECATED_OBJC_IMPLEMENTATIONS = YES;
				CLANG_WARN_DIRECT_OBJC_ISA_USAGE = YES_ERROR;
				CLANG_WARN_DOCUMENTATION_COMMENTS = YES;
				CLANG_WARN_EMPTY_BODY = YES;
				CLANG_WARN_ENUM_CONVERSION = YES;
				CLANG_WARN_INFINITE_RECURSION = YES;
				CLANG_WARN_INT_CONVERSION = YES;
				CLANG_WARN_NON_LITERAL_NULL_CONVERSION = YES;
				CLANG_WARN_OBJC_IMPLICIT_RETAIN_SELF = YES;
				CLANG_WARN_OBJC_LITERAL_CONVERSION = YES;
				CLANG_WARN_OBJC_ROOT_CLASS = YES_ERROR;
				CLANG_WARN_RANGE_LOOP_ANALYSIS = YES;
				CLANG_WARN_STRICT_PROTOTYPES = YES;
				CLANG_WARN_SUSPICIOUS_MOVE = YES;
				CLANG_WARN_UNGUARDED_AVAILABILITY = YES_AGGRESSIVE;
				CLANG_WARN_UNREACHABLE_CODE = YES;
				CLANG_WARN__DUPLICATE_METHOD_MATCH = YES;
				COPY_PHASE_STRIP = NO;
				DEBUG_INFORMATION_FORMAT = "dwarf-with-dsym";
				ENABLE_NS_ASSERTIONS = NO;
				ENABLE_STRICT_OBJC_MSGSEND = YES;
				GCC_C_LANGUAGE_STANDARD = gnu11;
				GCC_NO_COMMON_BLOCKS = YES;
				GCC_WARN_64_TO_32_BIT_CONVERSION = YES;
				GCC_WARN_ABOUT_RETURN_TYPE = YES_ERROR;
				GCC_WARN_UNDECLARED_SELECTOR = YES;
				GCC_WARN_UNINITIALIZED_AUTOS = YES_AGGRESSIVE;
				GCC_WARN_UNUSED_FUNCTION = YES;
				GCC_WARN_UNUSED_VARIABLE = YES;
				IPHONEOS_DEPLOYMENT_TARGET = 13.0;
				MTL_ENABLE_DEBUG_INFO = NO;
				MTL_FAST_MATH = YES;
				SDKROOT = iphoneos;
				SWIFT_COMPILATION_MODE = wholemodule;
				SWIFT_OPTIMIZATION_LEVEL = "-O";
				VALIDATE_PRODUCT = YES;
			};
			name = Release;
		};
		3A536BE3234E662700D8DC39 /* Debug */ = {
			isa = XCBuildConfiguration;
			buildSettings = {
				ASSETCATALOG_COMPILER_APPICON_NAME = AppIcon;
				CODE_SIGN_STYLE = Automatic;
				DEVELOPMENT_TEAM = BHJSDBBPS7;
				INFOPLIST_FILE = weatherApp/Info.plist;
				LD_RUNPATH_SEARCH_PATHS = (
					"$(inherited)",
					"@executable_path/Frameworks",
				);
				PRODUCT_BUNDLE_IDENTIFIER = pursuit.weatherApp;
				PRODUCT_NAME = "$(TARGET_NAME)";
				SWIFT_VERSION = 5.0;
				TARGETED_DEVICE_FAMILY = "1,2";
			};
			name = Debug;
		};
		3A536BE4234E662700D8DC39 /* Release */ = {
			isa = XCBuildConfiguration;
			buildSettings = {
				ASSETCATALOG_COMPILER_APPICON_NAME = AppIcon;
				CODE_SIGN_STYLE = Automatic;
				DEVELOPMENT_TEAM = BHJSDBBPS7;
				INFOPLIST_FILE = weatherApp/Info.plist;
				LD_RUNPATH_SEARCH_PATHS = (
					"$(inherited)",
					"@executable_path/Frameworks",
				);
				PRODUCT_BUNDLE_IDENTIFIER = pursuit.weatherApp;
				PRODUCT_NAME = "$(TARGET_NAME)";
				SWIFT_VERSION = 5.0;
				TARGETED_DEVICE_FAMILY = "1,2";
			};
			name = Release;
		};
		3A536BE6234E662700D8DC39 /* Debug */ = {
			isa = XCBuildConfiguration;
			buildSettings = {
				ALWAYS_EMBED_SWIFT_STANDARD_LIBRARIES = YES;
				BUNDLE_LOADER = "$(TEST_HOST)";
				CODE_SIGN_STYLE = Automatic;
				DEVELOPMENT_TEAM = BHJSDBBPS7;
				INFOPLIST_FILE = weatherAppTests/Info.plist;
				IPHONEOS_DEPLOYMENT_TARGET = 13.0;
				LD_RUNPATH_SEARCH_PATHS = (
					"$(inherited)",
					"@executable_path/Frameworks",
					"@loader_path/Frameworks",
				);
				PRODUCT_BUNDLE_IDENTIFIER = pursuit.weatherAppTests;
				PRODUCT_NAME = "$(TARGET_NAME)";
				SWIFT_VERSION = 5.0;
				TARGETED_DEVICE_FAMILY = "1,2";
				TEST_HOST = "$(BUILT_PRODUCTS_DIR)/weatherApp.app/weatherApp";
			};
			name = Debug;
		};
		3A536BE7234E662700D8DC39 /* Release */ = {
			isa = XCBuildConfiguration;
			buildSettings = {
				ALWAYS_EMBED_SWIFT_STANDARD_LIBRARIES = YES;
				BUNDLE_LOADER = "$(TEST_HOST)";
				CODE_SIGN_STYLE = Automatic;
				DEVELOPMENT_TEAM = BHJSDBBPS7;
				INFOPLIST_FILE = weatherAppTests/Info.plist;
				IPHONEOS_DEPLOYMENT_TARGET = 13.0;
				LD_RUNPATH_SEARCH_PATHS = (
					"$(inherited)",
					"@executable_path/Frameworks",
					"@loader_path/Frameworks",
				);
				PRODUCT_BUNDLE_IDENTIFIER = pursuit.weatherAppTests;
				PRODUCT_NAME = "$(TARGET_NAME)";
				SWIFT_VERSION = 5.0;
				TARGETED_DEVICE_FAMILY = "1,2";
				TEST_HOST = "$(BUILT_PRODUCTS_DIR)/weatherApp.app/weatherApp";
			};
			name = Release;
		};
		3A536BE9234E662700D8DC39 /* Debug */ = {
			isa = XCBuildConfiguration;
			buildSettings = {
				ALWAYS_EMBED_SWIFT_STANDARD_LIBRARIES = YES;
				CODE_SIGN_STYLE = Automatic;
				DEVELOPMENT_TEAM = BHJSDBBPS7;
				INFOPLIST_FILE = weatherAppUITests/Info.plist;
				LD_RUNPATH_SEARCH_PATHS = (
					"$(inherited)",
					"@executable_path/Frameworks",
					"@loader_path/Frameworks",
				);
				PRODUCT_BUNDLE_IDENTIFIER = pursuit.weatherAppUITests;
				PRODUCT_NAME = "$(TARGET_NAME)";
				SWIFT_VERSION = 5.0;
				TARGETED_DEVICE_FAMILY = "1,2";
				TEST_TARGET_NAME = weatherApp;
			};
			name = Debug;
		};
		3A536BEA234E662700D8DC39 /* Release */ = {
			isa = XCBuildConfiguration;
			buildSettings = {
				ALWAYS_EMBED_SWIFT_STANDARD_LIBRARIES = YES;
				CODE_SIGN_STYLE = Automatic;
				DEVELOPMENT_TEAM = BHJSDBBPS7;
				INFOPLIST_FILE = weatherAppUITests/Info.plist;
				LD_RUNPATH_SEARCH_PATHS = (
					"$(inherited)",
					"@executable_path/Frameworks",
					"@loader_path/Frameworks",
				);
				PRODUCT_BUNDLE_IDENTIFIER = pursuit.weatherAppUITests;
				PRODUCT_NAME = "$(TARGET_NAME)";
				SWIFT_VERSION = 5.0;
				TARGETED_DEVICE_FAMILY = "1,2";
				TEST_TARGET_NAME = weatherApp;
			};
			name = Release;
		};
/* End XCBuildConfiguration section */

/* Begin XCConfigurationList section */
		3A536BB3234E662400D8DC39 /* Build configuration list for PBXProject "weatherApp" */ = {
			isa = XCConfigurationList;
			buildConfigurations = (
				3A536BE0234E662700D8DC39 /* Debug */,
				3A536BE1234E662700D8DC39 /* Release */,
			);
			defaultConfigurationIsVisible = 0;
			defaultConfigurationName = Release;
		};
		3A536BE2234E662700D8DC39 /* Build configuration list for PBXNativeTarget "weatherApp" */ = {
			isa = XCConfigurationList;
			buildConfigurations = (
				3A536BE3234E662700D8DC39 /* Debug */,
				3A536BE4234E662700D8DC39 /* Release */,
			);
			defaultConfigurationIsVisible = 0;
			defaultConfigurationName = Release;
		};
		3A536BE5234E662700D8DC39 /* Build configuration list for PBXNativeTarget "weatherAppTests" */ = {
			isa = XCConfigurationList;
			buildConfigurations = (
				3A536BE6234E662700D8DC39 /* Debug */,
				3A536BE7234E662700D8DC39 /* Release */,
			);
			defaultConfigurationIsVisible = 0;
			defaultConfigurationName = Release;
		};
		3A536BE8234E662700D8DC39 /* Build configuration list for PBXNativeTarget "weatherAppUITests" */ = {
			isa = XCConfigurationList;
			buildConfigurations = (
				3A536BE9234E662700D8DC39 /* Debug */,
				3A536BEA234E662700D8DC39 /* Release */,
			);
			defaultConfigurationIsVisible = 0;
			defaultConfigurationName = Release;
		};
/* End XCConfigurationList section */
	};
	rootObject = 3A536BB0234E662400D8DC39 /* Project object */;
}
